// !$*UTF8*$!
{
	archiveVersion = 1;
	classes = {
	};
	objectVersion = 55;
	objects = {

/* Begin PBXBuildFile section */
		9131D45229A90BA60038E7A4 /* APIConstants.swift in Sources */ = {isa = PBXBuildFile; fileRef = 9131D45129A90BA60038E7A4 /* APIConstants.swift */; };
		9131D45629A90C6F0038E7A4 /* RequestProtocol.swift in Sources */ = {isa = PBXBuildFile; fileRef = 9131D45529A90C6F0038E7A4 /* RequestProtocol.swift */; };
		9131D45829A90C850038E7A4 /* APIManagerProtocol.swift in Sources */ = {isa = PBXBuildFile; fileRef = 9131D45729A90C850038E7A4 /* APIManagerProtocol.swift */; };
		9131D45B29A910C60038E7A4 /* Error.swift in Sources */ = {isa = PBXBuildFile; fileRef = 9131D45A29A910C60038E7A4 /* Error.swift */; };
		9131D45D29A911250038E7A4 /* GameDBAPI.swift in Sources */ = {isa = PBXBuildFile; fileRef = 9131D45C29A911250038E7A4 /* GameDBAPI.swift */; };
		9131D45F29A912A90038E7A4 /* GameGenres.swift in Sources */ = {isa = PBXBuildFile; fileRef = 9131D45E29A912A90038E7A4 /* GameGenres.swift */; };
		9131D46129A9138C0038E7A4 /* Game.swift in Sources */ = {isa = PBXBuildFile; fileRef = 9131D46029A9138C0038E7A4 /* Game.swift */; };
		9131D46329A916D30038E7A4 /* Rating.swift in Sources */ = {isa = PBXBuildFile; fileRef = 9131D46229A916D30038E7A4 /* Rating.swift */; };
		9131D46529A916DC0038E7A4 /* Platform.swift in Sources */ = {isa = PBXBuildFile; fileRef = 9131D46429A916DC0038E7A4 /* Platform.swift */; };
		9131D46729A919110038E7A4 /* GameGenreRequest.swift in Sources */ = {isa = PBXBuildFile; fileRef = 9131D46629A919110038E7A4 /* GameGenreRequest.swift */; };
		9131D46929A91F4A0038E7A4 /* GameGenreView.swift in Sources */ = {isa = PBXBuildFile; fileRef = 9131D46829A91F4A0038E7A4 /* GameGenreView.swift */; };
		9131D46B29A92F220038E7A4 /* HomeViewModel.swift in Sources */ = {isa = PBXBuildFile; fileRef = 9131D46A29A92F220038E7A4 /* HomeViewModel.swift */; };
		9131D46F29A937630038E7A4 /* GameRowView.swift in Sources */ = {isa = PBXBuildFile; fileRef = 9131D46E29A937630038E7A4 /* GameRowView.swift */; };
		91A05B2129AA241E005F4D1C /* GameListView.swift in Sources */ = {isa = PBXBuildFile; fileRef = 91A05B2029AA241E005F4D1C /* GameListView.swift */; };
		91A05B2329AA243E005F4D1C /* GameListViewModel.swift in Sources */ = {isa = PBXBuildFile; fileRef = 91A05B2229AA243E005F4D1C /* GameListViewModel.swift */; };
		91A05B2529AA24FD005F4D1C /* GameListRequest.swift in Sources */ = {isa = PBXBuildFile; fileRef = 91A05B2429AA24FD005F4D1C /* GameListRequest.swift */; };
		91A05B2729AA3F06005F4D1C /* GameDetailsView.swift in Sources */ = {isa = PBXBuildFile; fileRef = 91A05B2629AA3F06005F4D1C /* GameDetailsView.swift */; };
		91A05B2929AA3F1E005F4D1C /* GameDetailsViewModel.swift in Sources */ = {isa = PBXBuildFile; fileRef = 91A05B2829AA3F1E005F4D1C /* GameDetailsViewModel.swift */; };
		91A05B2B29AA4063005F4D1C /* GameDetailsRequest.swift in Sources */ = {isa = PBXBuildFile; fileRef = 91A05B2A29AA4063005F4D1C /* GameDetailsRequest.swift */; };
		91F8F67729A2FE33000D2AFB /* GameDBApp.swift in Sources */ = {isa = PBXBuildFile; fileRef = 91F8F67629A2FE33000D2AFB /* GameDBApp.swift */; };
		91F8F67929A2FE33000D2AFB /* HomeView.swift in Sources */ = {isa = PBXBuildFile; fileRef = 91F8F67829A2FE33000D2AFB /* HomeView.swift */; };
		91F8F67B29A2FE35000D2AFB /* Assets.xcassets in Resources */ = {isa = PBXBuildFile; fileRef = 91F8F67A29A2FE35000D2AFB /* Assets.xcassets */; };
		91F8F67E29A2FE35000D2AFB /* Preview Assets.xcassets in Resources */ = {isa = PBXBuildFile; fileRef = 91F8F67D29A2FE35000D2AFB /* Preview Assets.xcassets */; };
/* End PBXBuildFile section */

/* Begin PBXFileReference section */
		9131D45129A90BA60038E7A4 /* APIConstants.swift */ = {isa = PBXFileReference; lastKnownFileType = sourcecode.swift; path = APIConstants.swift; sourceTree = "<group>"; };
		9131D45529A90C6F0038E7A4 /* RequestProtocol.swift */ = {isa = PBXFileReference; lastKnownFileType = sourcecode.swift; path = RequestProtocol.swift; sourceTree = "<group>"; };
		9131D45729A90C850038E7A4 /* APIManagerProtocol.swift */ = {isa = PBXFileReference; lastKnownFileType = sourcecode.swift; path = APIManagerProtocol.swift; sourceTree = "<group>"; };
		9131D45A29A910C60038E7A4 /* Error.swift */ = {isa = PBXFileReference; lastKnownFileType = sourcecode.swift; path = Error.swift; sourceTree = "<group>"; };
		9131D45C29A911250038E7A4 /* GameDBAPI.swift */ = {isa = PBXFileReference; lastKnownFileType = sourcecode.swift; path = GameDBAPI.swift; sourceTree = "<group>"; };
		9131D45E29A912A90038E7A4 /* GameGenres.swift */ = {isa = PBXFileReference; lastKnownFileType = sourcecode.swift; path = GameGenres.swift; sourceTree = "<group>"; };
		9131D46029A9138C0038E7A4 /* Game.swift */ = {isa = PBXFileReference; lastKnownFileType = sourcecode.swift; path = Game.swift; sourceTree = "<group>"; };
		9131D46229A916D30038E7A4 /* Rating.swift */ = {isa = PBXFileReference; lastKnownFileType = sourcecode.swift; path = Rating.swift; sourceTree = "<group>"; };
		9131D46429A916DC0038E7A4 /* Platform.swift */ = {isa = PBXFileReference; lastKnownFileType = sourcecode.swift; path = Platform.swift; sourceTree = "<group>"; };
		9131D46629A919110038E7A4 /* GameGenreRequest.swift */ = {isa = PBXFileReference; lastKnownFileType = sourcecode.swift; path = GameGenreRequest.swift; sourceTree = "<group>"; };
		9131D46829A91F4A0038E7A4 /* GameGenreView.swift */ = {isa = PBXFileReference; lastKnownFileType = sourcecode.swift; path = GameGenreView.swift; sourceTree = "<group>"; };
		9131D46A29A92F220038E7A4 /* HomeViewModel.swift */ = {isa = PBXFileReference; lastKnownFileType = sourcecode.swift; path = HomeViewModel.swift; sourceTree = "<group>"; };
		9131D46E29A937630038E7A4 /* GameRowView.swift */ = {isa = PBXFileReference; lastKnownFileType = sourcecode.swift; path = GameRowView.swift; sourceTree = "<group>"; };
		91A05B2029AA241E005F4D1C /* GameListView.swift */ = {isa = PBXFileReference; lastKnownFileType = sourcecode.swift; path = GameListView.swift; sourceTree = "<group>"; };
		91A05B2229AA243E005F4D1C /* GameListViewModel.swift */ = {isa = PBXFileReference; lastKnownFileType = sourcecode.swift; path = GameListViewModel.swift; sourceTree = "<group>"; };
		91A05B2429AA24FD005F4D1C /* GameListRequest.swift */ = {isa = PBXFileReference; lastKnownFileType = sourcecode.swift; path = GameListRequest.swift; sourceTree = "<group>"; };
		91A05B2629AA3F06005F4D1C /* GameDetailsView.swift */ = {isa = PBXFileReference; lastKnownFileType = sourcecode.swift; path = GameDetailsView.swift; sourceTree = "<group>"; };
		91A05B2829AA3F1E005F4D1C /* GameDetailsViewModel.swift */ = {isa = PBXFileReference; lastKnownFileType = sourcecode.swift; path = GameDetailsViewModel.swift; sourceTree = "<group>"; };
		91A05B2A29AA4063005F4D1C /* GameDetailsRequest.swift */ = {isa = PBXFileReference; lastKnownFileType = sourcecode.swift; path = GameDetailsRequest.swift; sourceTree = "<group>"; };
		91F8F67329A2FE33000D2AFB /* GameDB.app */ = {isa = PBXFileReference; explicitFileType = wrapper.application; includeInIndex = 0; path = GameDB.app; sourceTree = BUILT_PRODUCTS_DIR; };
		91F8F67629A2FE33000D2AFB /* GameDBApp.swift */ = {isa = PBXFileReference; lastKnownFileType = sourcecode.swift; path = GameDBApp.swift; sourceTree = "<group>"; };
		91F8F67829A2FE33000D2AFB /* HomeView.swift */ = {isa = PBXFileReference; lastKnownFileType = sourcecode.swift; path = HomeView.swift; sourceTree = "<group>"; };
		91F8F67A29A2FE35000D2AFB /* Assets.xcassets */ = {isa = PBXFileReference; lastKnownFileType = folder.assetcatalog; path = Assets.xcassets; sourceTree = "<group>"; };
		91F8F67D29A2FE35000D2AFB /* Preview Assets.xcassets */ = {isa = PBXFileReference; lastKnownFileType = folder.assetcatalog; path = "Preview Assets.xcassets"; sourceTree = "<group>"; };
/* End PBXFileReference section */

/* Begin PBXFrameworksBuildPhase section */
		91F8F67029A2FE33000D2AFB /* Frameworks */ = {
			isa = PBXFrameworksBuildPhase;
			buildActionMask = 2147483647;
			files = (
			);
			runOnlyForDeploymentPostprocessing = 0;
		};
/* End PBXFrameworksBuildPhase section */

/* Begin PBXGroup section */
		9131D45329A90C3F0038E7A4 /* Protocols */ = {
			isa = PBXGroup;
			children = (
				9131D45529A90C6F0038E7A4 /* RequestProtocol.swift */,
				9131D45729A90C850038E7A4 /* APIManagerProtocol.swift */,
				9131D46629A919110038E7A4 /* GameGenreRequest.swift */,
				91A05B2429AA24FD005F4D1C /* GameListRequest.swift */,
				91A05B2A29AA4063005F4D1C /* GameDetailsRequest.swift */,
			);
			path = Protocols;
			sourceTree = "<group>";
		};
		9131D45429A90C4D0038E7A4 /* Implementations */ = {
			isa = PBXGroup;
			children = (
				9131D45C29A911250038E7A4 /* GameDBAPI.swift */,
			);
			path = Implementations;
			sourceTree = "<group>";
		};
		9131D45929A910BA0038E7A4 /* Models */ = {
			isa = PBXGroup;
			children = (
				9131D45A29A910C60038E7A4 /* Error.swift */,
				9131D45E29A912A90038E7A4 /* GameGenres.swift */,
				9131D46029A9138C0038E7A4 /* Game.swift */,
				9131D46229A916D30038E7A4 /* Rating.swift */,
				9131D46429A916DC0038E7A4 /* Platform.swift */,
			);
			path = Models;
			sourceTree = "<group>";
		};
		91F8F66A29A2FE33000D2AFB = {
			isa = PBXGroup;
			children = (
				91F8F67529A2FE33000D2AFB /* GameDB */,
				91F8F67429A2FE33000D2AFB /* Products */,
			);
			sourceTree = "<group>";
		};
		91F8F67429A2FE33000D2AFB /* Products */ = {
			isa = PBXGroup;
			children = (
				91F8F67329A2FE33000D2AFB /* GameDB.app */,
			);
			name = Products;
			sourceTree = "<group>";
		};
		91F8F67529A2FE33000D2AFB /* GameDB */ = {
			isa = PBXGroup;
			children = (
				9131D45929A910BA0038E7A4 /* Models */,
				91F8F68929A2FE79000D2AFB /* Globals */,
				91F8F68829A2FE5E000D2AFB /* Assets */,
				91F8F68729A2FE53000D2AFB /* Config */,
				91F8F68629A2FE45000D2AFB /* Services */,
				91F8F68529A2FE3F000D2AFB /* ViewModels */,
				91F8F68429A2FE3A000D2AFB /* Views */,
				91F8F67C29A2FE35000D2AFB /* Preview Content */,
			);
			path = GameDB;
			sourceTree = "<group>";
		};
		91F8F67C29A2FE35000D2AFB /* Preview Content */ = {
			isa = PBXGroup;
			children = (
				91F8F67D29A2FE35000D2AFB /* Preview Assets.xcassets */,
			);
			path = "Preview Content";
			sourceTree = "<group>";
		};
		91F8F68429A2FE3A000D2AFB /* Views */ = {
			isa = PBXGroup;
			children = (
				91F8F67829A2FE33000D2AFB /* HomeView.swift */,
				9131D46829A91F4A0038E7A4 /* GameGenreView.swift */,
				9131D46E29A937630038E7A4 /* GameRowView.swift */,
				91A05B2029AA241E005F4D1C /* GameListView.swift */,
				91A05B2629AA3F06005F4D1C /* GameDetailsView.swift */,
			);
			path = Views;
			sourceTree = "<group>";
		};
		91F8F68529A2FE3F000D2AFB /* ViewModels */ = {
			isa = PBXGroup;
			children = (
				9131D46A29A92F220038E7A4 /* HomeViewModel.swift */,
				91A05B2229AA243E005F4D1C /* GameListViewModel.swift */,
				91A05B2829AA3F1E005F4D1C /* GameDetailsViewModel.swift */,
			);
			path = ViewModels;
			sourceTree = "<group>";
		};
		91F8F68629A2FE45000D2AFB /* Services */ = {
			isa = PBXGroup;
			children = (
				9131D45429A90C4D0038E7A4 /* Implementations */,
				9131D45329A90C3F0038E7A4 /* Protocols */,
			);
			path = Services;
			sourceTree = "<group>";
		};
		91F8F68729A2FE53000D2AFB /* Config */ = {
			isa = PBXGroup;
			children = (
				91F8F67629A2FE33000D2AFB /* GameDBApp.swift */,
			);
			path = Config;
			sourceTree = "<group>";
		};
		91F8F68829A2FE5E000D2AFB /* Assets */ = {
			isa = PBXGroup;
			children = (
				91F8F67A29A2FE35000D2AFB /* Assets.xcassets */,
			);
			path = Assets;
			sourceTree = "<group>";
		};
		91F8F68929A2FE79000D2AFB /* Globals */ = {
			isa = PBXGroup;
			children = (
				9131D45129A90BA60038E7A4 /* APIConstants.swift */,
			);
			path = Globals;
			sourceTree = "<group>";
		};
/* End PBXGroup section */

/* Begin PBXNativeTarget section */
		91F8F67229A2FE33000D2AFB /* GameDB */ = {
			isa = PBXNativeTarget;
			buildConfigurationList = 91F8F68129A2FE35000D2AFB /* Build configuration list for PBXNativeTarget "GameDB" */;
			buildPhases = (
				91F8F66F29A2FE33000D2AFB /* Sources */,
				91F8F67029A2FE33000D2AFB /* Frameworks */,
				91F8F67129A2FE33000D2AFB /* Resources */,
			);
			buildRules = (
			);
			dependencies = (
			);
			name = GameDB;
			productName = GameDB;
			productReference = 91F8F67329A2FE33000D2AFB /* GameDB.app */;
			productType = "com.apple.product-type.application";
		};
/* End PBXNativeTarget section */

/* Begin PBXProject section */
		91F8F66B29A2FE33000D2AFB /* Project object */ = {
			isa = PBXProject;
			attributes = {
				BuildIndependentTargetsInParallel = 1;
				LastSwiftUpdateCheck = 1340;
				LastUpgradeCheck = 1340;
				TargetAttributes = {
					91F8F67229A2FE33000D2AFB = {
						CreatedOnToolsVersion = 13.4.1;
					};
				};
			};
			buildConfigurationList = 91F8F66E29A2FE33000D2AFB /* Build configuration list for PBXProject "GameDB" */;
			compatibilityVersion = "Xcode 13.0";
			developmentRegion = en;
			hasScannedForEncodings = 0;
			knownRegions = (
				en,
				Base,
			);
			mainGroup = 91F8F66A29A2FE33000D2AFB;
			productRefGroup = 91F8F67429A2FE33000D2AFB /* Products */;
			projectDirPath = "";
			projectRoot = "";
			targets = (
				91F8F67229A2FE33000D2AFB /* GameDB */,
			);
		};
/* End PBXProject section */

/* Begin PBXResourcesBuildPhase section */
		91F8F67129A2FE33000D2AFB /* Resources */ = {
			isa = PBXResourcesBuildPhase;
			buildActionMask = 2147483647;
			files = (
				91F8F67E29A2FE35000D2AFB /* Preview Assets.xcassets in Resources */,
				91F8F67B29A2FE35000D2AFB /* Assets.xcassets in Resources */,
			);
			runOnlyForDeploymentPostprocessing = 0;
		};
/* End PBXResourcesBuildPhase section */

/* Begin PBXSourcesBuildPhase section */
		91F8F66F29A2FE33000D2AFB /* Sources */ = {
			isa = PBXSourcesBuildPhase;
			buildActionMask = 2147483647;
			files = (
				9131D45D29A911250038E7A4 /* GameDBAPI.swift in Sources */,
				91A05B2929AA3F1E005F4D1C /* GameDetailsViewModel.swift in Sources */,
				9131D46129A9138C0038E7A4 /* Game.swift in Sources */,
				9131D46F29A937630038E7A4 /* GameRowView.swift in Sources */,
				9131D46729A919110038E7A4 /* GameGenreRequest.swift in Sources */,
				91A05B2B29AA4063005F4D1C /* GameDetailsRequest.swift in Sources */,
				9131D46329A916D30038E7A4 /* Rating.swift in Sources */,
				9131D45F29A912A90038E7A4 /* GameGenres.swift in Sources */,
				91F8F67929A2FE33000D2AFB /* HomeView.swift in Sources */,
				91F8F67729A2FE33000D2AFB /* GameDBApp.swift in Sources */,
				9131D46529A916DC0038E7A4 /* Platform.swift in Sources */,
				9131D46929A91F4A0038E7A4 /* GameGenreView.swift in Sources */,
				9131D46B29A92F220038E7A4 /* HomeViewModel.swift in Sources */,
				9131D45229A90BA60038E7A4 /* APIConstants.swift in Sources */,
				9131D45829A90C850038E7A4 /* APIManagerProtocol.swift in Sources */,
				91A05B2729AA3F06005F4D1C /* GameDetailsView.swift in Sources */,
				91A05B2529AA24FD005F4D1C /* GameListRequest.swift in Sources */,
				91A05B2329AA243E005F4D1C /* GameListViewModel.swift in Sources */,
				9131D45B29A910C60038E7A4 /* Error.swift in Sources */,
				91A05B2129AA241E005F4D1C /* GameListView.swift in Sources */,
				9131D45629A90C6F0038E7A4 /* RequestProtocol.swift in Sources */,
			);
			runOnlyForDeploymentPostprocessing = 0;
		};
/* End PBXSourcesBuildPhase section */

/* Begin XCBuildConfiguration section */
		91F8F67F29A2FE35000D2AFB /* Debug */ = {
			isa = XCBuildConfiguration;
			buildSettings = {
				ALWAYS_SEARCH_USER_PATHS = NO;
				CLANG_ANALYZER_NONNULL = YES;
				CLANG_ANALYZER_NUMBER_OBJECT_CONVERSION = YES_AGGRESSIVE;
				CLANG_CXX_LANGUAGE_STANDARD = "gnu++17";
				CLANG_ENABLE_MODULES = YES;
				CLANG_ENABLE_OBJC_ARC = YES;
				CLANG_ENABLE_OBJC_WEAK = YES;
				CLANG_WARN_BLOCK_CAPTURE_AUTORELEASING = YES;
				CLANG_WARN_BOOL_CONVERSION = YES;
				CLANG_WARN_COMMA = YES;
				CLANG_WARN_CONSTANT_CONVERSION = YES;
				CLANG_WARN_DEPRECATED_OBJC_IMPLEMENTATIONS = YES;
				CLANG_WARN_DIRECT_OBJC_ISA_USAGE = YES_ERROR;
				CLANG_WARN_DOCUMENTATION_COMMENTS = YES;
				CLANG_WARN_EMPTY_BODY = YES;
				CLANG_WARN_ENUM_CONVERSION = YES;
				CLANG_WARN_INFINITE_RECURSION = YES;
				CLANG_WARN_INT_CONVERSION = YES;
				CLANG_WARN_NON_LITERAL_NULL_CONVERSION = YES;
				CLANG_WARN_OBJC_IMPLICIT_RETAIN_SELF = YES;
				CLANG_WARN_OBJC_LITERAL_CONVERSION = YES;
				CLANG_WARN_OBJC_ROOT_CLASS = YES_ERROR;
				CLANG_WARN_QUOTED_INCLUDE_IN_FRAMEWORK_HEADER = YES;
				CLANG_WARN_RANGE_LOOP_ANALYSIS = YES;
				CLANG_WARN_STRICT_PROTOTYPES = YES;
				CLANG_WARN_SUSPICIOUS_MOVE = YES;
				CLANG_WARN_UNGUARDED_AVAILABILITY = YES_AGGRESSIVE;
				CLANG_WARN_UNREACHABLE_CODE = YES;
				CLANG_WARN__DUPLICATE_METHOD_MATCH = YES;
				COPY_PHASE_STRIP = NO;
				DEBUG_INFORMATION_FORMAT = dwarf;
				ENABLE_STRICT_OBJC_MSGSEND = YES;
				ENABLE_TESTABILITY = YES;
				GCC_C_LANGUAGE_STANDARD = gnu11;
				GCC_DYNAMIC_NO_PIC = NO;
				GCC_NO_COMMON_BLOCKS = YES;
				GCC_OPTIMIZATION_LEVEL = 0;
				GCC_PREPROCESSOR_DEFINITIONS = (
					"DEBUG=1",
					"$(inherited)",
				);
				GCC_WARN_64_TO_32_BIT_CONVERSION = YES;
				GCC_WARN_ABOUT_RETURN_TYPE = YES_ERROR;
				GCC_WARN_UNDECLARED_SELECTOR = YES;
				GCC_WARN_UNINITIALIZED_AUTOS = YES_AGGRESSIVE;
				GCC_WARN_UNUSED_FUNCTION = YES;
				GCC_WARN_UNUSED_VARIABLE = YES;
				IPHONEOS_DEPLOYMENT_TARGET = 15.5;
				MTL_ENABLE_DEBUG_INFO = INCLUDE_SOURCE;
				MTL_FAST_MATH = YES;
				ONLY_ACTIVE_ARCH = YES;
				SDKROOT = iphoneos;
				SWIFT_ACTIVE_COMPILATION_CONDITIONS = DEBUG;
				SWIFT_OPTIMIZATION_LEVEL = "-Onone";
			};
			name = Debug;
		};
		91F8F68029A2FE35000D2AFB /* Release */ = {
			isa = XCBuildConfiguration;
			buildSettings = {
				ALWAYS_SEARCH_USER_PATHS = NO;
				CLANG_ANALYZER_NONNULL = YES;
				CLANG_ANALYZER_NUMBER_OBJECT_CONVERSION = YES_AGGRESSIVE;
				CLANG_CXX_LANGUAGE_STANDARD = "gnu++17";
				CLANG_ENABLE_MODULES = YES;
				CLANG_ENABLE_OBJC_ARC = YES;
				CLANG_ENABLE_OBJC_WEAK = YES;
				CLANG_WARN_BLOCK_CAPTURE_AUTORELEASING = YES;
				CLANG_WARN_BOOL_CONVERSION = YES;
				CLANG_WARN_COMMA = YES;
				CLANG_WARN_CONSTANT_CONVERSION = YES;
				CLANG_WARN_DEPRECATED_OBJC_IMPLEMENTATIONS = YES;
				CLANG_WARN_DIRECT_OBJC_ISA_USAGE = YES_ERROR;
				CLANG_WARN_DOCUMENTATION_COMMENTS = YES;
				CLANG_WARN_EMPTY_BODY = YES;
				CLANG_WARN_ENUM_CONVERSION = YES;
				CLANG_WARN_INFINITE_RECURSION = YES;
				CLANG_WARN_INT_CONVERSION = YES;
				CLANG_WARN_NON_LITERAL_NULL_CONVERSION = YES;
				CLANG_WARN_OBJC_IMPLICIT_RETAIN_SELF = YES;
				CLANG_WARN_OBJC_LITERAL_CONVERSION = YES;
				CLANG_WARN_OBJC_ROOT_CLASS = YES_ERROR;
				CLANG_WARN_QUOTED_INCLUDE_IN_FRAMEWORK_HEADER = YES;
				CLANG_WARN_RANGE_LOOP_ANALYSIS = YES;
				CLANG_WARN_STRICT_PROTOTYPES = YES;
				CLANG_WARN_SUSPICIOUS_MOVE = YES;
				CLANG_WARN_UNGUARDED_AVAILABILITY = YES_AGGRESSIVE;
				CLANG_WARN_UNREACHABLE_CODE = YES;
				CLANG_WARN__DUPLICATE_METHOD_MATCH = YES;
				COPY_PHASE_STRIP = NO;
				DEBUG_INFORMATION_FORMAT = "dwarf-with-dsym";
				ENABLE_NS_ASSERTIONS = NO;
				ENABLE_STRICT_OBJC_MSGSEND = YES;
				GCC_C_LANGUAGE_STANDARD = gnu11;
				GCC_NO_COMMON_BLOCKS = YES;
				GCC_WARN_64_TO_32_BIT_CONVERSION = YES;
				GCC_WARN_ABOUT_RETURN_TYPE = YES_ERROR;
				GCC_WARN_UNDECLARED_SELECTOR = YES;
				GCC_WARN_UNINITIALIZED_AUTOS = YES_AGGRESSIVE;
				GCC_WARN_UNUSED_FUNCTION = YES;
				GCC_WARN_UNUSED_VARIABLE = YES;
				IPHONEOS_DEPLOYMENT_TARGET = 15.5;
				MTL_ENABLE_DEBUG_INFO = NO;
				MTL_FAST_MATH = YES;
				SDKROOT = iphoneos;
				SWIFT_COMPILATION_MODE = wholemodule;
				SWIFT_OPTIMIZATION_LEVEL = "-O";
				VALIDATE_PRODUCT = YES;
			};
			name = Release;
		};
		91F8F68229A2FE35000D2AFB /* Debug */ = {
			isa = XCBuildConfiguration;
			buildSettings = {
				ASSETCATALOG_COMPILER_APPICON_NAME = AppIcon;
				ASSETCATALOG_COMPILER_GLOBAL_ACCENT_COLOR_NAME = AccentColor;
				CODE_SIGN_STYLE = Automatic;
				CURRENT_PROJECT_VERSION = 1;
				DEVELOPMENT_ASSET_PATHS = "\"GameDB/Preview Content\"";
				DEVELOPMENT_TEAM = 4BN656YUMX;
				ENABLE_PREVIEWS = YES;
				GENERATE_INFOPLIST_FILE = YES;
				INFOPLIST_KEY_UIApplicationSceneManifest_Generation = YES;
				INFOPLIST_KEY_UIApplicationSupportsIndirectInputEvents = YES;
				INFOPLIST_KEY_UILaunchScreen_Generation = YES;
				INFOPLIST_KEY_UISupportedInterfaceOrientations_iPad = "UIInterfaceOrientationPortrait UIInterfaceOrientationPortraitUpsideDown UIInterfaceOrientationLandscapeLeft UIInterfaceOrientationLandscapeRight";
				INFOPLIST_KEY_UISupportedInterfaceOrientations_iPhone = "UIInterfaceOrientationPortrait UIInterfaceOrientationLandscapeLeft UIInterfaceOrientationLandscapeRight";
				LD_RUNPATH_SEARCH_PATHS = (
					"$(inherited)",
					"@executable_path/Frameworks",
				);
				MARKETING_VERSION = 1.0;
				PRODUCT_BUNDLE_IDENTIFIER = com.tarek.GameDB;
				PRODUCT_NAME = "$(TARGET_NAME)";
				SWIFT_EMIT_LOC_STRINGS = YES;
				SWIFT_VERSION = 5.0;
				TARGETED_DEVICE_FAMILY = "1,2";
			};
			name = Debug;
		};
		91F8F68329A2FE35000D2AFB /* Release */ = {
			isa = XCBuildConfiguration;
			buildSettings = {
				ASSETCATALOG_COMPILER_APPICON_NAME = AppIcon;
				ASSETCATALOG_COMPILER_GLOBAL_ACCENT_COLOR_NAME = AccentColor;
				CODE_SIGN_STYLE = Automatic;
				CURRENT_PROJECT_VERSION = 1;
				DEVELOPMENT_ASSET_PATHS = "\"GameDB/Preview Content\"";
				DEVELOPMENT_TEAM = 4BN656YUMX;
				ENABLE_PREVIEWS = YES;
				GENERATE_INFOPLIST_FILE = YES;
				INFOPLIST_KEY_UIApplicationSceneManifest_Generation = YES;
				INFOPLIST_KEY_UIApplicationSupportsIndirectInputEvents = YES;
				INFOPLIST_KEY_UILaunchScreen_Generation = YES;
				INFOPLIST_KEY_UISupportedInterfaceOrientations_iPad = "UIInterfaceOrientationPortrait UIInterfaceOrientationPortraitUpsideDown UIInterfaceOrientationLandscapeLeft UIInterfaceOrientationLandscapeRight";
				INFOPLIST_KEY_UISupportedInterfaceOrientations_iPhone = "UIInterfaceOrientationPortrait UIInterfaceOrientationLandscapeLeft UIInterfaceOrientationLandscapeRight";
				LD_RUNPATH_SEARCH_PATHS = (
					"$(inherited)",
					"@executable_path/Frameworks",
				);
				MARKETING_VERSION = 1.0;
				PRODUCT_BUNDLE_IDENTIFIER = com.tarek.GameDB;
				PRODUCT_NAME = "$(TARGET_NAME)";
				SWIFT_EMIT_LOC_STRINGS = YES;
				SWIFT_VERSION = 5.0;
				TARGETED_DEVICE_FAMILY = "1,2";
			};
			name = Release;
		};
/* End XCBuildConfiguration section */

/* Begin XCConfigurationList section */
		91F8F66E29A2FE33000D2AFB /* Build configuration list for PBXProject "GameDB" */ = {
			isa = XCConfigurationList;
			buildConfigurations = (
				91F8F67F29A2FE35000D2AFB /* Debug */,
				91F8F68029A2FE35000D2AFB /* Release */,
			);
			defaultConfigurationIsVisible = 0;
			defaultConfigurationName = Release;
		};
		91F8F68129A2FE35000D2AFB /* Build configuration list for PBXNativeTarget "GameDB" */ = {
			isa = XCConfigurationList;
			buildConfigurations = (
				91F8F68229A2FE35000D2AFB /* Debug */,
				91F8F68329A2FE35000D2AFB /* Release */,
			);
			defaultConfigurationIsVisible = 0;
			defaultConfigurationName = Release;
		};
/* End XCConfigurationList section */
	};
	rootObject = 91F8F66B29A2FE33000D2AFB /* Project object */;
}
